
Microsoft Visual Studio Solution File, Format Version 12.00
# Visual Studio Version 17
VisualStudioVersion = 17.2.32616.157
MinimumVisualStudioVersion = 10.0.40219.1
Project("{FAE04EC0-301F-11D3-BF4B-00C04F79EFBC}") = "BilgeShop.Data", "BilgeShop.Data\BilgeShop.Data.csproj", "{408CFED1-75EB-4B07-9E2F-94F874D1472D}"
EndProject
Project("{FAE04EC0-301F-11D3-BF4B-00C04F79EFBC}") = "BilgeShop.Business", "BilgeShop.Business\BilgeShop.Business.csproj", "{BA72F9E5-A72F-4A6F-9C79-957A814AFF03}"
EndProject
Project("{FAE04EC0-301F-11D3-BF4B-00C04F79EFBC}") = "BilgeShop.WebUI", "BilgeShop.WebUl\BilgeShop.WebUI.csproj", "{5EAB3BDC-AF75-4D7E-ABE4-5EDB6BC18C7F}"
EndProject
Global
	GlobalSection(SolutionConfigurationPlatforms) = preSolution
		Debug|Any CPU = Debug|Any CPU
		Release|Any CPU = Release|Any CPU
	EndGlobalSection
	GlobalSection(ProjectConfigurationPlatforms) = postSolution
		{408CFED1-75EB-4B07-9E2F-94F874D1472D}.Debug|Any CPU.ActiveCfg = Debug|Any CPU
		{408CFED1-75EB-4B07-9E2F-94F874D1472D}.Debug|Any CPU.Build.0 = Debug|Any CPU
		{408CFED1-75EB-4B07-9E2F-94F874D1472D}.Release|Any CPU.ActiveCfg = Release|Any CPU
		{408CFED1-75EB-4B07-9E2F-94F874D1472D}.Release|Any CPU.Build.0 = Release|Any CPU
		{BA72F9E5-A72F-4A6F-9C79-957A814AFF03}.Debug|Any CPU.ActiveCfg = Debug|Any CPU
		{BA72F9E5-A72F-4A6F-9C79-957A814AFF03}.Debug|Any CPU.Build.0 = Debug|Any CPU
		{BA72F9E5-A72F-4A6F-9C79-957A814AFF03}.Release|Any CPU.ActiveCfg = Release|Any CPU
		{BA72F9E5-A72F-4A6F-9C79-957A814AFF03}.Release|Any CPU.Build.0 = Release|Any CPU
		{5EAB3BDC-AF75-4D7E-ABE4-5EDB6BC18C7F}.Debug|Any CPU.ActiveCfg = Debug|Any CPU
		{5EAB3BDC-AF75-4D7E-ABE4-5EDB6BC18C7F}.Debug|Any CPU.Build.0 = Debug|Any CPU
		{5EAB3BDC-AF75-4D7E-ABE4-5EDB6BC18C7F}.Release|Any CPU.ActiveCfg = Release|Any CPU
		{5EAB3BDC-AF75-4D7E-ABE4-5EDB6BC18C7F}.Release|Any CPU.Build.0 = Release|Any CPU
	EndGlobalSection
	GlobalSection(SolutionProperties) = preSolution
		HideSolutionNode = FALSE
	EndGlobalSection
	GlobalSection(ExtensibilityGlobals) = postSolution
		SolutionGuid = {F4FC9525-001E-4060-B988-35AE3FD4E5C6}
	EndGlobalSection
EndGlobal
